
Microsoft Visual Studio Solution File, Format Version 12.00
# Visual Studio Version 16
VisualStudioVersion = 16.0.29728.190
MinimumVisualStudioVersion = 10.0.40219.1
Project("{FAE04EC0-301F-11D3-BF4B-00C04F79EFBC}") = "StringTutorial", "StringTutorial\StringTutorial.csproj", "{101DD0CC-D15D-4D8E-B55F-61FC40DC7D14}"
EndProject
Global
	GlobalSection(SolutionConfigurationPlatforms) = preSolution
		Debug|Any CPU = Debug|Any CPU
		Release|Any CPU = Release|Any CPU
	EndGlobalSection
	GlobalSection(ProjectConfigurationPlatforms) = postSolution
		{101DD0CC-D15D-4D8E-B55F-61FC40DC7D14}.Debug|Any CPU.ActiveCfg = Debug|Any CPU
		{101DD0CC-D15D-4D8E-B55F-61FC40DC7D14}.Debug|Any CPU.Build.0 = Debug|Any CPU
		{101DD0CC-D15D-4D8E-B55F-61FC40DC7D14}.Release|Any CPU.ActiveCfg = Release|Any CPU
		{101DD0CC-D15D-4D8E-B55F-61FC40DC7D14}.Release|Any CPU.Build.0 = Release|Any CPU
	EndGlobalSection
	GlobalSection(SolutionProperties) = preSolution
		HideSolutionNode = FALSE
	EndGlobalSection
	GlobalSection(ExtensibilityGlobals) = postSolution
		SolutionGuid = {2BCEF61C-8169-40BF-BE19-93AF267186EA}
	EndGlobalSection
EndGlobal
